
Microsoft Visual Studio Solution File, Format Version 12.00
# Visual Studio Version 17
VisualStudioVersion = 17.14.36127.28
MinimumVisualStudioVersion = 10.0.40219.1
Project("{FAE04EC0-301F-11D3-BF4B-00C04F79EFBC}") = "MemoriaPiWeb", "MemoriaPiWeb\MemoriaPiWeb.csproj", "{F58D5181-0028-4408-83F6-76D6B64581C2}"
EndProject
Project("{FAE04EC0-301F-11D3-BF4B-00C04F79EFBC}") = "MemoriaPiCrypto", "MemoriaPiCrypto\MemoriaPiCrypto.csproj", "{E69D39E9-740C-4489-9B35-3DBC5D86AB10}"
EndProject
Project("{FAE04EC0-301F-11D3-BF4B-00C04F79EFBC}") = "MemoriaPiDataCore", "MemoriaPiDataCore\MemoriaPiDataCore.csproj", "{142EDA41-1B66-4248-B7CF-7B4B649F5CA7}"
EndProject
Global
	GlobalSection(SolutionConfigurationPlatforms) = preSolution
		Debug|Any CPU = Debug|Any CPU
		Release|Any CPU = Release|Any CPU
	EndGlobalSection
	GlobalSection(ProjectConfigurationPlatforms) = postSolution
		{F58D5181-0028-4408-83F6-76D6B64581C2}.Debug|Any CPU.ActiveCfg = Debug|Any CPU
		{F58D5181-0028-4408-83F6-76D6B64581C2}.Debug|Any CPU.Build.0 = Debug|Any CPU
		{F58D5181-0028-4408-83F6-76D6B64581C2}.Release|Any CPU.ActiveCfg = Release|Any CPU
		{F58D5181-0028-4408-83F6-76D6B64581C2}.Release|Any CPU.Build.0 = Release|Any CPU
		{E69D39E9-740C-4489-9B35-3DBC5D86AB10}.Debug|Any CPU.ActiveCfg = Debug|Any CPU
		{E69D39E9-740C-4489-9B35-3DBC5D86AB10}.Debug|Any CPU.Build.0 = Debug|Any CPU
		{E69D39E9-740C-4489-9B35-3DBC5D86AB10}.Release|Any CPU.ActiveCfg = Release|Any CPU
		{E69D39E9-740C-4489-9B35-3DBC5D86AB10}.Release|Any CPU.Build.0 = Release|Any CPU
		{142EDA41-1B66-4248-B7CF-7B4B649F5CA7}.Debug|Any CPU.ActiveCfg = Debug|Any CPU
		{142EDA41-1B66-4248-B7CF-7B4B649F5CA7}.Debug|Any CPU.Build.0 = Debug|Any CPU
		{142EDA41-1B66-4248-B7CF-7B4B649F5CA7}.Release|Any CPU.ActiveCfg = Release|Any CPU
		{142EDA41-1B66-4248-B7CF-7B4B649F5CA7}.Release|Any CPU.Build.0 = Release|Any CPU
	EndGlobalSection
	GlobalSection(SolutionProperties) = preSolution
		HideSolutionNode = FALSE
	EndGlobalSection
	GlobalSection(ExtensibilityGlobals) = postSolution
		SolutionGuid = {3F6885D7-B8B2-429E-B79A-BDB00A2B2FDE}
	EndGlobalSection
EndGlobal
